
Microsoft Visual Studio Solution File, Format Version 12.00
# Visual Studio Version 16
VisualStudioVersion = 16.0.30804.86
MinimumVisualStudioVersion = 10.0.40219.1
Project("{2150E333-8FDC-42A3-9474-1A3956D46DE8}") = "markdown", "markdown", "{62FEC637-1152-4DA4-AC9B-B5B69AC224E5}"
	ProjectSection(SolutionItems) = preProject
		APM.md = APM.md
		content.md = content.md
		EAP.md = EAP.md
		TAP.md = TAP.md
	EndProjectSection
EndProject
Global
	GlobalSection(SolutionProperties) = preSolution
		HideSolutionNode = FALSE
	EndGlobalSection
	GlobalSection(ExtensibilityGlobals) = postSolution
		SolutionGuid = {478A3715-67A2-4134-8FBE-D1C5E48FF6CE}
	EndGlobalSection
EndGlobal
