
Microsoft Visual Studio Solution File, Format Version 12.00
# Visual Studio Version 17
VisualStudioVersion = 17.2.32408.312
MinimumVisualStudioVersion = 10.0.40219.1
Project("{FAE04EC0-301F-11D3-BF4B-00C04F79EFBC}") = "Learn.Demo.ConsoleApp", "Learn.Demo.ConsoleApp\Learn.Demo.ConsoleApp.csproj", "{EC0A8733-D540-41C0-8FA0-08FF7FEAE0C5}"
EndProject
Project("{FAE04EC0-301F-11D3-BF4B-00C04F79EFBC}") = "Learn.Demo.WebApiApp", "Learn.Demo.WebApiApp\Learn.Demo.WebApiApp.csproj", "{AE12C001-5B84-449D-ADBB-4ED6E7F56E0A}"
EndProject
Global
	GlobalSection(SolutionConfigurationPlatforms) = preSolution
		Debug|Any CPU = Debug|Any CPU
		Release|Any CPU = Release|Any CPU
	EndGlobalSection
	GlobalSection(ProjectConfigurationPlatforms) = postSolution
		{EC0A8733-D540-41C0-8FA0-08FF7FEAE0C5}.Debug|Any CPU.ActiveCfg = Debug|Any CPU
		{EC0A8733-D540-41C0-8FA0-08FF7FEAE0C5}.Debug|Any CPU.Build.0 = Debug|Any CPU
		{EC0A8733-D540-41C0-8FA0-08FF7FEAE0C5}.Release|Any CPU.ActiveCfg = Release|Any CPU
		{EC0A8733-D540-41C0-8FA0-08FF7FEAE0C5}.Release|Any CPU.Build.0 = Release|Any CPU
		{AE12C001-5B84-449D-ADBB-4ED6E7F56E0A}.Debug|Any CPU.ActiveCfg = Debug|Any CPU
		{AE12C001-5B84-449D-ADBB-4ED6E7F56E0A}.Debug|Any CPU.Build.0 = Debug|Any CPU
		{AE12C001-5B84-449D-ADBB-4ED6E7F56E0A}.Release|Any CPU.ActiveCfg = Release|Any CPU
		{AE12C001-5B84-449D-ADBB-4ED6E7F56E0A}.Release|Any CPU.Build.0 = Release|Any CPU
	EndGlobalSection
	GlobalSection(SolutionProperties) = preSolution
		HideSolutionNode = FALSE
	EndGlobalSection
	GlobalSection(ExtensibilityGlobals) = postSolution
		SolutionGuid = {F85E4E58-84D8-4624-8895-CE40B62C9746}
	EndGlobalSection
EndGlobal
